// !$*UTF8*$!
{
	archiveVersion = 1;
	classes = {
	};
	objectVersion = 55;
	objects = {

/* Begin PBXBuildFile section */
		38490C6E28120AB400E05F75 /* StockService.swift in Sources */ = {isa = PBXBuildFile; fileRef = 38490C6D28120AB400E05F75 /* StockService.swift */; };
		38490C772813514000E05F75 /* AAPL_Fundamental.json in Resources */ = {isa = PBXBuildFile; fileRef = 38490C762813514000E05F75 /* AAPL_Fundamental.json */; };
		38490C792813515800E05F75 /* AAPL_Daily.json in Resources */ = {isa = PBXBuildFile; fileRef = 38490C782813515700E05F75 /* AAPL_Daily.json */; };
		38490C7F281351A500E05F75 /* GOOG_Fundamental.json in Resources */ = {isa = PBXBuildFile; fileRef = 38490C7E281351A500E05F75 /* GOOG_Fundamental.json */; };
		38490C81281351C100E05F75 /* GOOG_Daily.json in Resources */ = {isa = PBXBuildFile; fileRef = 38490C80281351C100E05F75 /* GOOG_Daily.json */; };
		38490C84281351E300E05F75 /* NVDA_Fundamental.json in Resources */ = {isa = PBXBuildFile; fileRef = 38490C83281351E300E05F75 /* NVDA_Fundamental.json */; };
		38490C86281351F300E05F75 /* NVDA_Daily.json in Resources */ = {isa = PBXBuildFile; fileRef = 38490C85281351F300E05F75 /* NVDA_Daily.json */; };
		38490C88281486E900E05F75 /* SheetView.swift in Sources */ = {isa = PBXBuildFile; fileRef = 38490C87281486E900E05F75 /* SheetView.swift */; };
		389CD0482808A24E00DF66EB /* SlideOverCard in Frameworks */ = {isa = PBXBuildFile; productRef = 389CD0472808A24E00DF66EB /* SlideOverCard */; };
		389CD04A280BAE4A00DF66EB /* GraphBackgroundView.swift in Sources */ = {isa = PBXBuildFile; fileRef = 389CD049280BAE4A00DF66EB /* GraphBackgroundView.swift */; };
		389F8DEC27F6540F0031F012 /* StocksApp.swift in Sources */ = {isa = PBXBuildFile; fileRef = 389F8DEB27F6540F0031F012 /* StocksApp.swift */; };
		389F8DEE27F6540F0031F012 /* ContentView.swift in Sources */ = {isa = PBXBuildFile; fileRef = 389F8DED27F6540F0031F012 /* ContentView.swift */; };
		389F8DF027F654110031F012 /* Assets.xcassets in Resources */ = {isa = PBXBuildFile; fileRef = 389F8DEF27F654110031F012 /* Assets.xcassets */; };
		389F8DF327F654110031F012 /* Preview Assets.xcassets in Resources */ = {isa = PBXBuildFile; fileRef = 389F8DF227F654110031F012 /* Preview Assets.xcassets */; };
		389F8DFD27F654110031F012 /* StocksTests.swift in Sources */ = {isa = PBXBuildFile; fileRef = 389F8DFC27F654110031F012 /* StocksTests.swift */; };
		389F8E0727F654110031F012 /* StocksUITests.swift in Sources */ = {isa = PBXBuildFile; fileRef = 389F8E0627F654110031F012 /* StocksUITests.swift */; };
		389F8E0927F654110031F012 /* StocksUITestsLaunchTests.swift in Sources */ = {isa = PBXBuildFile; fileRef = 389F8E0827F654110031F012 /* StocksUITestsLaunchTests.swift */; };
		38B6F5322800059600799FC8 /* GraphView.swift in Sources */ = {isa = PBXBuildFile; fileRef = 38B6F5312800059600799FC8 /* GraphView.swift */; };
		38B6F5342801167600799FC8 /* DetailView.swift in Sources */ = {isa = PBXBuildFile; fileRef = 38B6F5332801167600799FC8 /* DetailView.swift */; };
/* End PBXBuildFile section */

/* Begin PBXContainerItemProxy section */
		389F8DF927F654110031F012 /* PBXContainerItemProxy */ = {
			isa = PBXContainerItemProxy;
			containerPortal = 389F8DE027F6540F0031F012 /* Project object */;
			proxyType = 1;
			remoteGlobalIDString = 389F8DE727F6540F0031F012;
			remoteInfo = Stocks;
		};
		389F8E0327F654110031F012 /* PBXContainerItemProxy */ = {
			isa = PBXContainerItemProxy;
			containerPortal = 389F8DE027F6540F0031F012 /* Project object */;
			proxyType = 1;
			remoteGlobalIDString = 389F8DE727F6540F0031F012;
			remoteInfo = Stocks;
		};
/* End PBXContainerItemProxy section */

/* Begin PBXFileReference section */
		38490C6D28120AB400E05F75 /* StockService.swift */ = {isa = PBXFileReference; lastKnownFileType = sourcecode.swift; path = StockService.swift; sourceTree = "<group>"; };
		38490C762813514000E05F75 /* AAPL_Fundamental.json */ = {isa = PBXFileReference; lastKnownFileType = text.json; path = AAPL_Fundamental.json; sourceTree = "<group>"; };
		38490C782813515700E05F75 /* AAPL_Daily.json */ = {isa = PBXFileReference; lastKnownFileType = text.json; path = AAPL_Daily.json; sourceTree = "<group>"; };
		38490C7E281351A500E05F75 /* GOOG_Fundamental.json */ = {isa = PBXFileReference; lastKnownFileType = text.json; path = GOOG_Fundamental.json; sourceTree = "<group>"; };
		38490C80281351C100E05F75 /* GOOG_Daily.json */ = {isa = PBXFileReference; lastKnownFileType = text.json; path = GOOG_Daily.json; sourceTree = "<group>"; };
		38490C83281351E300E05F75 /* NVDA_Fundamental.json */ = {isa = PBXFileReference; lastKnownFileType = text.json; path = NVDA_Fundamental.json; sourceTree = "<group>"; };
		38490C85281351F300E05F75 /* NVDA_Daily.json */ = {isa = PBXFileReference; lastKnownFileType = text.json; path = NVDA_Daily.json; sourceTree = "<group>"; };
		38490C87281486E900E05F75 /* SheetView.swift */ = {isa = PBXFileReference; lastKnownFileType = sourcecode.swift; path = SheetView.swift; sourceTree = "<group>"; };
		389CD049280BAE4A00DF66EB /* GraphBackgroundView.swift */ = {isa = PBXFileReference; lastKnownFileType = sourcecode.swift; path = GraphBackgroundView.swift; sourceTree = "<group>"; };
		389F8DE827F6540F0031F012 /* Stocks.app */ = {isa = PBXFileReference; explicitFileType = wrapper.application; includeInIndex = 0; path = Stocks.app; sourceTree = BUILT_PRODUCTS_DIR; };
		389F8DEB27F6540F0031F012 /* StocksApp.swift */ = {isa = PBXFileReference; lastKnownFileType = sourcecode.swift; path = StocksApp.swift; sourceTree = "<group>"; };
		389F8DED27F6540F0031F012 /* ContentView.swift */ = {isa = PBXFileReference; lastKnownFileType = sourcecode.swift; path = ContentView.swift; sourceTree = "<group>"; };
		389F8DEF27F654110031F012 /* Assets.xcassets */ = {isa = PBXFileReference; lastKnownFileType = folder.assetcatalog; path = Assets.xcassets; sourceTree = "<group>"; };
		389F8DF227F654110031F012 /* Preview Assets.xcassets */ = {isa = PBXFileReference; lastKnownFileType = folder.assetcatalog; path = "Preview Assets.xcassets"; sourceTree = "<group>"; };
		389F8DF827F654110031F012 /* StocksTests.xctest */ = {isa = PBXFileReference; explicitFileType = wrapper.cfbundle; includeInIndex = 0; path = StocksTests.xctest; sourceTree = BUILT_PRODUCTS_DIR; };
		389F8DFC27F654110031F012 /* StocksTests.swift */ = {isa = PBXFileReference; lastKnownFileType = sourcecode.swift; path = StocksTests.swift; sourceTree = "<group>"; };
		389F8E0227F654110031F012 /* StocksUITests.xctest */ = {isa = PBXFileReference; explicitFileType = wrapper.cfbundle; includeInIndex = 0; path = StocksUITests.xctest; sourceTree = BUILT_PRODUCTS_DIR; };
		389F8E0627F654110031F012 /* StocksUITests.swift */ = {isa = PBXFileReference; lastKnownFileType = sourcecode.swift; path = StocksUITests.swift; sourceTree = "<group>"; };
		389F8E0827F654110031F012 /* StocksUITestsLaunchTests.swift */ = {isa = PBXFileReference; lastKnownFileType = sourcecode.swift; path = StocksUITestsLaunchTests.swift; sourceTree = "<group>"; };
		38B6F5312800059600799FC8 /* GraphView.swift */ = {isa = PBXFileReference; lastKnownFileType = sourcecode.swift; path = GraphView.swift; sourceTree = "<group>"; };
		38B6F5332801167600799FC8 /* DetailView.swift */ = {isa = PBXFileReference; lastKnownFileType = sourcecode.swift; path = DetailView.swift; sourceTree = "<group>"; };
/* End PBXFileReference section */

/* Begin PBXFrameworksBuildPhase section */
		389F8DE527F6540F0031F012 /* Frameworks */ = {
			isa = PBXFrameworksBuildPhase;
			buildActionMask = 2147483647;
			files = (
				389CD0482808A24E00DF66EB /* SlideOverCard in Frameworks */,
			);
			runOnlyForDeploymentPostprocessing = 0;
		};
		389F8DF527F654110031F012 /* Frameworks */ = {
			isa = PBXFrameworksBuildPhase;
			buildActionMask = 2147483647;
			files = (
			);
			runOnlyForDeploymentPostprocessing = 0;
		};
		389F8DFF27F654110031F012 /* Frameworks */ = {
			isa = PBXFrameworksBuildPhase;
			buildActionMask = 2147483647;
			files = (
			);
			runOnlyForDeploymentPostprocessing = 0;
		};
/* End PBXFrameworksBuildPhase section */

/* Begin PBXGroup section */
		38490C712813508900E05F75 /* Preset Stocks */ = {
			isa = PBXGroup;
			children = (
				38490C82281351C800E05F75 /* NVDA */,
				38490C7B2813517100E05F75 /* GOOG */,
				38490C752813511D00E05F75 /* AAPL */,
			);
			path = "Preset Stocks";
			sourceTree = "<group>";
		};
		38490C752813511D00E05F75 /* AAPL */ = {
			isa = PBXGroup;
			children = (
				38490C762813514000E05F75 /* AAPL_Fundamental.json */,
				38490C782813515700E05F75 /* AAPL_Daily.json */,
			);
			path = AAPL;
			sourceTree = "<group>";
		};
		38490C7B2813517100E05F75 /* GOOG */ = {
			isa = PBXGroup;
			children = (
				38490C7E281351A500E05F75 /* GOOG_Fundamental.json */,
				38490C80281351C100E05F75 /* GOOG_Daily.json */,
			);
			path = GOOG;
			sourceTree = "<group>";
		};
		38490C82281351C800E05F75 /* NVDA */ = {
			isa = PBXGroup;
			children = (
				38490C83281351E300E05F75 /* NVDA_Fundamental.json */,
				38490C85281351F300E05F75 /* NVDA_Daily.json */,
			);
			path = NVDA;
			sourceTree = "<group>";
		};
		389F8DDF27F6540F0031F012 = {
			isa = PBXGroup;
			children = (
				389F8DEA27F6540F0031F012 /* Stocks */,
				389F8DFB27F654110031F012 /* StocksTests */,
				389F8E0527F654110031F012 /* StocksUITests */,
				389F8DE927F6540F0031F012 /* Products */,
			);
			sourceTree = "<group>";
		};
		389F8DE927F6540F0031F012 /* Products */ = {
			isa = PBXGroup;
			children = (
				389F8DE827F6540F0031F012 /* Stocks.app */,
				389F8DF827F654110031F012 /* StocksTests.xctest */,
				389F8E0227F654110031F012 /* StocksUITests.xctest */,
			);
			name = Products;
			sourceTree = "<group>";
		};
		389F8DEA27F6540F0031F012 /* Stocks */ = {
			isa = PBXGroup;
			children = (
				389F8DEB27F6540F0031F012 /* StocksApp.swift */,
				389F8DED27F6540F0031F012 /* ContentView.swift */,
				38490C6D28120AB400E05F75 /* StockService.swift */,
				38B6F52C27FFB1D700799FC8 /* Detail View */,
				38490C712813508900E05F75 /* Preset Stocks */,
				389F8DEF27F654110031F012 /* Assets.xcassets */,
				389F8DF127F654110031F012 /* Preview Content */,
			);
			path = Stocks;
			sourceTree = "<group>";
		};
		389F8DF127F654110031F012 /* Preview Content */ = {
			isa = PBXGroup;
			children = (
				389F8DF227F654110031F012 /* Preview Assets.xcassets */,
			);
			path = "Preview Content";
			sourceTree = "<group>";
		};
		389F8DFB27F654110031F012 /* StocksTests */ = {
			isa = PBXGroup;
			children = (
				389F8DFC27F654110031F012 /* StocksTests.swift */,
			);
			path = StocksTests;
			sourceTree = "<group>";
		};
		389F8E0527F654110031F012 /* StocksUITests */ = {
			isa = PBXGroup;
			children = (
				389F8E0627F654110031F012 /* StocksUITests.swift */,
				389F8E0827F654110031F012 /* StocksUITestsLaunchTests.swift */,
			);
			path = StocksUITests;
			sourceTree = "<group>";
		};
		38B6F52C27FFB1D700799FC8 /* Detail View */ = {
			isa = PBXGroup;
			children = (
				389CD049280BAE4A00DF66EB /* GraphBackgroundView.swift */,
				38B6F5312800059600799FC8 /* GraphView.swift */,
				38B6F5332801167600799FC8 /* DetailView.swift */,
				38490C87281486E900E05F75 /* SheetView.swift */,
			);
			path = "Detail View";
			sourceTree = "<group>";
		};
/* End PBXGroup section */

/* Begin PBXNativeTarget section */
		389F8DE727F6540F0031F012 /* Stocks */ = {
			isa = PBXNativeTarget;
			buildConfigurationList = 389F8E0C27F654110031F012 /* Build configuration list for PBXNativeTarget "Stocks" */;
			buildPhases = (
				389F8DE427F6540F0031F012 /* Sources */,
				389F8DE527F6540F0031F012 /* Frameworks */,
				389F8DE627F6540F0031F012 /* Resources */,
			);
			buildRules = (
			);
			dependencies = (
			);
			name = Stocks;
			packageProductDependencies = (
				389CD0472808A24E00DF66EB /* SlideOverCard */,
			);
			productName = Stocks;
			productReference = 389F8DE827F6540F0031F012 /* Stocks.app */;
			productType = "com.apple.product-type.application";
		};
		389F8DF727F654110031F012 /* StocksTests */ = {
			isa = PBXNativeTarget;
			buildConfigurationList = 389F8E0F27F654110031F012 /* Build configuration list for PBXNativeTarget "StocksTests" */;
			buildPhases = (
				389F8DF427F654110031F012 /* Sources */,
				389F8DF527F654110031F012 /* Frameworks */,
				389F8DF627F654110031F012 /* Resources */,
			);
			buildRules = (
			);
			dependencies = (
				389F8DFA27F654110031F012 /* PBXTargetDependency */,
			);
			name = StocksTests;
			productName = StocksTests;
			productReference = 389F8DF827F654110031F012 /* StocksTests.xctest */;
			productType = "com.apple.product-type.bundle.unit-test";
		};
		389F8E0127F654110031F012 /* StocksUITests */ = {
			isa = PBXNativeTarget;
			buildConfigurationList = 389F8E1227F654110031F012 /* Build configuration list for PBXNativeTarget "StocksUITests" */;
			buildPhases = (
				389F8DFE27F654110031F012 /* Sources */,
				389F8DFF27F654110031F012 /* Frameworks */,
				389F8E0027F654110031F012 /* Resources */,
			);
			buildRules = (
			);
			dependencies = (
				389F8E0427F654110031F012 /* PBXTargetDependency */,
			);
			name = StocksUITests;
			productName = StocksUITests;
			productReference = 389F8E0227F654110031F012 /* StocksUITests.xctest */;
			productType = "com.apple.product-type.bundle.ui-testing";
		};
/* End PBXNativeTarget section */

/* Begin PBXProject section */
		389F8DE027F6540F0031F012 /* Project object */ = {
			isa = PBXProject;
			attributes = {
				BuildIndependentTargetsInParallel = 1;
				LastSwiftUpdateCheck = 1330;
				LastUpgradeCheck = 1330;
				TargetAttributes = {
					389F8DE727F6540F0031F012 = {
						CreatedOnToolsVersion = 13.3;
					};
					389F8DF727F654110031F012 = {
						CreatedOnToolsVersion = 13.3;
						TestTargetID = 389F8DE727F6540F0031F012;
					};
					389F8E0127F654110031F012 = {
						CreatedOnToolsVersion = 13.3;
						TestTargetID = 389F8DE727F6540F0031F012;
					};
				};
			};
			buildConfigurationList = 389F8DE327F6540F0031F012 /* Build configuration list for PBXProject "Stocks" */;
			compatibilityVersion = "Xcode 13.0";
			developmentRegion = en;
			hasScannedForEncodings = 0;
			knownRegions = (
				en,
				Base,
			);
			mainGroup = 389F8DDF27F6540F0031F012;
			packageReferences = (
				389CD0462808A24E00DF66EB /* XCRemoteSwiftPackageReference "swiftUI-slide-over-card" */,
			);
			productRefGroup = 389F8DE927F6540F0031F012 /* Products */;
			projectDirPath = "";
			projectRoot = "";
			targets = (
				389F8DE727F6540F0031F012 /* Stocks */,
				389F8DF727F654110031F012 /* StocksTests */,
				389F8E0127F654110031F012 /* StocksUITests */,
			);
		};
/* End PBXProject section */

/* Begin PBXResourcesBuildPhase section */
		389F8DE627F6540F0031F012 /* Resources */ = {
			isa = PBXResourcesBuildPhase;
			buildActionMask = 2147483647;
			files = (
				38490C81281351C100E05F75 /* GOOG_Daily.json in Resources */,
				389F8DF327F654110031F012 /* Preview Assets.xcassets in Resources */,
				389F8DF027F654110031F012 /* Assets.xcassets in Resources */,
				38490C792813515800E05F75 /* AAPL_Daily.json in Resources */,
				38490C772813514000E05F75 /* AAPL_Fundamental.json in Resources */,
				38490C86281351F300E05F75 /* NVDA_Daily.json in Resources */,
				38490C7F281351A500E05F75 /* GOOG_Fundamental.json in Resources */,
				38490C84281351E300E05F75 /* NVDA_Fundamental.json in Resources */,
			);
			runOnlyForDeploymentPostprocessing = 0;
		};
		389F8DF627F654110031F012 /* Resources */ = {
			isa = PBXResourcesBuildPhase;
			buildActionMask = 2147483647;
			files = (
			);
			runOnlyForDeploymentPostprocessing = 0;
		};
		389F8E0027F654110031F012 /* Resources */ = {
			isa = PBXResourcesBuildPhase;
			buildActionMask = 2147483647;
			files = (
			);
			runOnlyForDeploymentPostprocessing = 0;
		};
/* End PBXResourcesBuildPhase section */

/* Begin PBXSourcesBuildPhase section */
		389F8DE427F6540F0031F012 /* Sources */ = {
			isa = PBXSourcesBuildPhase;
			buildActionMask = 2147483647;
			files = (
				38B6F5322800059600799FC8 /* GraphView.swift in Sources */,
				38490C88281486E900E05F75 /* SheetView.swift in Sources */,
				389CD04A280BAE4A00DF66EB /* GraphBackgroundView.swift in Sources */,
				38490C6E28120AB400E05F75 /* StockService.swift in Sources */,
				38B6F5342801167600799FC8 /* DetailView.swift in Sources */,
				389F8DEE27F6540F0031F012 /* ContentView.swift in Sources */,
				389F8DEC27F6540F0031F012 /* StocksApp.swift in Sources */,
			);
			runOnlyForDeploymentPostprocessing = 0;
		};
		389F8DF427F654110031F012 /* Sources */ = {
			isa = PBXSourcesBuildPhase;
			buildActionMask = 2147483647;
			files = (
				389F8DFD27F654110031F012 /* StocksTests.swift in Sources */,
			);
			runOnlyForDeploymentPostprocessing = 0;
		};
		389F8DFE27F654110031F012 /* Sources */ = {
			isa = PBXSourcesBuildPhase;
			buildActionMask = 2147483647;
			files = (
				389F8E0727F654110031F012 /* StocksUITests.swift in Sources */,
				389F8E0927F654110031F012 /* StocksUITestsLaunchTests.swift in Sources */,
			);
			runOnlyForDeploymentPostprocessing = 0;
		};
/* End PBXSourcesBuildPhase section */

/* Begin PBXTargetDependency section */
		389F8DFA27F654110031F012 /* PBXTargetDependency */ = {
			isa = PBXTargetDependency;
			target = 389F8DE727F6540F0031F012 /* Stocks */;
			targetProxy = 389F8DF927F654110031F012 /* PBXContainerItemProxy */;
		};
		389F8E0427F654110031F012 /* PBXTargetDependency */ = {
			isa = PBXTargetDependency;
			target = 389F8DE727F6540F0031F012 /* Stocks */;
			targetProxy = 389F8E0327F654110031F012 /* PBXContainerItemProxy */;
		};
/* End PBXTargetDependency section */

/* Begin XCBuildConfiguration section */
		389F8E0A27F654110031F012 /* Debug */ = {
			isa = XCBuildConfiguration;
			buildSettings = {
				ALWAYS_SEARCH_USER_PATHS = NO;
				CLANG_ANALYZER_NONNULL = YES;
				CLANG_ANALYZER_NUMBER_OBJECT_CONVERSION = YES_AGGRESSIVE;
				CLANG_CXX_LANGUAGE_STANDARD = "gnu++17";
				CLANG_ENABLE_MODULES = YES;
				CLANG_ENABLE_OBJC_ARC = YES;
				CLANG_ENABLE_OBJC_WEAK = YES;
				CLANG_WARN_BLOCK_CAPTURE_AUTORELEASING = YES;
				CLANG_WARN_BOOL_CONVERSION = YES;
				CLANG_WARN_COMMA = YES;
				CLANG_WARN_CONSTANT_CONVERSION = YES;
				CLANG_WARN_DEPRECATED_OBJC_IMPLEMENTATIONS = YES;
				CLANG_WARN_DIRECT_OBJC_ISA_USAGE = YES_ERROR;
				CLANG_WARN_DOCUMENTATION_COMMENTS = YES;
				CLANG_WARN_EMPTY_BODY = YES;
				CLANG_WARN_ENUM_CONVERSION = YES;
				CLANG_WARN_INFINITE_RECURSION = YES;
				CLANG_WARN_INT_CONVERSION = YES;
				CLANG_WARN_NON_LITERAL_NULL_CONVERSION = YES;
				CLANG_WARN_OBJC_IMPLICIT_RETAIN_SELF = YES;
				CLANG_WARN_OBJC_LITERAL_CONVERSION = YES;
				CLANG_WARN_OBJC_ROOT_CLASS = YES_ERROR;
				CLANG_WARN_QUOTED_INCLUDE_IN_FRAMEWORK_HEADER = YES;
				CLANG_WARN_RANGE_LOOP_ANALYSIS = YES;
				CLANG_WARN_STRICT_PROTOTYPES = YES;
				CLANG_WARN_SUSPICIOUS_MOVE = YES;
				CLANG_WARN_UNGUARDED_AVAILABILITY = YES_AGGRESSIVE;
				CLANG_WARN_UNREACHABLE_CODE = YES;
				CLANG_WARN__DUPLICATE_METHOD_MATCH = YES;
				COPY_PHASE_STRIP = NO;
				DEBUG_INFORMATION_FORMAT = dwarf;
				ENABLE_STRICT_OBJC_MSGSEND = YES;
				ENABLE_TESTABILITY = YES;
				GCC_C_LANGUAGE_STANDARD = gnu11;
				GCC_DYNAMIC_NO_PIC = NO;
				GCC_NO_COMMON_BLOCKS = YES;
				GCC_OPTIMIZATION_LEVEL = 0;
				GCC_PREPROCESSOR_DEFINITIONS = (
					"DEBUG=1",
					"$(inherited)",
				);
				GCC_WARN_64_TO_32_BIT_CONVERSION = YES;
				GCC_WARN_ABOUT_RETURN_TYPE = YES_ERROR;
				GCC_WARN_UNDECLARED_SELECTOR = YES;
				GCC_WARN_UNINITIALIZED_AUTOS = YES_AGGRESSIVE;
				GCC_WARN_UNUSED_FUNCTION = YES;
				GCC_WARN_UNUSED_VARIABLE = YES;
				IPHONEOS_DEPLOYMENT_TARGET = 15.4;
				MTL_ENABLE_DEBUG_INFO = INCLUDE_SOURCE;
				MTL_FAST_MATH = YES;
				ONLY_ACTIVE_ARCH = YES;
				SDKROOT = iphoneos;
				SWIFT_ACTIVE_COMPILATION_CONDITIONS = DEBUG;
				SWIFT_OPTIMIZATION_LEVEL = "-Onone";
			};
			name = Debug;
		};
		389F8E0B27F654110031F012 /* Release */ = {
			isa = XCBuildConfiguration;
			buildSettings = {
				ALWAYS_SEARCH_USER_PATHS = NO;
				CLANG_ANALYZER_NONNULL = YES;
				CLANG_ANALYZER_NUMBER_OBJECT_CONVERSION = YES_AGGRESSIVE;
				CLANG_CXX_LANGUAGE_STANDARD = "gnu++17";
				CLANG_ENABLE_MODULES = YES;
				CLANG_ENABLE_OBJC_ARC = YES;
				CLANG_ENABLE_OBJC_WEAK = YES;
				CLANG_WARN_BLOCK_CAPTURE_AUTORELEASING = YES;
				CLANG_WARN_BOOL_CONVERSION = YES;
				CLANG_WARN_COMMA = YES;
				CLANG_WARN_CONSTANT_CONVERSION = YES;
				CLANG_WARN_DEPRECATED_OBJC_IMPLEMENTATIONS = YES;
				CLANG_WARN_DIRECT_OBJC_ISA_USAGE = YES_ERROR;
				CLANG_WARN_DOCUMENTATION_COMMENTS = YES;
				CLANG_WARN_EMPTY_BODY = YES;
				CLANG_WARN_ENUM_CONVERSION = YES;
				CLANG_WARN_INFINITE_RECURSION = YES;
				CLANG_WARN_INT_CONVERSION = YES;
				CLANG_WARN_NON_LITERAL_NULL_CONVERSION = YES;
				CLANG_WARN_OBJC_IMPLICIT_RETAIN_SELF = YES;
				CLANG_WARN_OBJC_LITERAL_CONVERSION = YES;
				CLANG_WARN_OBJC_ROOT_CLASS = YES_ERROR;
				CLANG_WARN_QUOTED_INCLUDE_IN_FRAMEWORK_HEADER = YES;
				CLANG_WARN_RANGE_LOOP_ANALYSIS = YES;
				CLANG_WARN_STRICT_PROTOTYPES = YES;
				CLANG_WARN_SUSPICIOUS_MOVE = YES;
				CLANG_WARN_UNGUARDED_AVAILABILITY = YES_AGGRESSIVE;
				CLANG_WARN_UNREACHABLE_CODE = YES;
				CLANG_WARN__DUPLICATE_METHOD_MATCH = YES;
				COPY_PHASE_STRIP = NO;
				DEBUG_INFORMATION_FORMAT = "dwarf-with-dsym";
				ENABLE_NS_ASSERTIONS = NO;
				ENABLE_STRICT_OBJC_MSGSEND = YES;
				GCC_C_LANGUAGE_STANDARD = gnu11;
				GCC_NO_COMMON_BLOCKS = YES;
				GCC_WARN_64_TO_32_BIT_CONVERSION = YES;
				GCC_WARN_ABOUT_RETURN_TYPE = YES_ERROR;
				GCC_WARN_UNDECLARED_SELECTOR = YES;
				GCC_WARN_UNINITIALIZED_AUTOS = YES_AGGRESSIVE;
				GCC_WARN_UNUSED_FUNCTION = YES;
				GCC_WARN_UNUSED_VARIABLE = YES;
				IPHONEOS_DEPLOYMENT_TARGET = 15.4;
				MTL_ENABLE_DEBUG_INFO = NO;
				MTL_FAST_MATH = YES;
				SDKROOT = iphoneos;
				SWIFT_COMPILATION_MODE = wholemodule;
				SWIFT_OPTIMIZATION_LEVEL = "-O";
				VALIDATE_PRODUCT = YES;
			};
			name = Release;
		};
		389F8E0D27F654110031F012 /* Debug */ = {
			isa = XCBuildConfiguration;
			buildSettings = {
				ASSETCATALOG_COMPILER_APPICON_NAME = AppIcon;
				ASSETCATALOG_COMPILER_GLOBAL_ACCENT_COLOR_NAME = AccentColor;
				CODE_SIGN_STYLE = Automatic;
				CURRENT_PROJECT_VERSION = 1;
				DEVELOPMENT_ASSET_PATHS = "\"Stocks/Preview Content\"";
				DEVELOPMENT_TEAM = CS7P9L74D4;
				ENABLE_PREVIEWS = YES;
				GENERATE_INFOPLIST_FILE = YES;
				INFOPLIST_KEY_UIApplicationSceneManifest_Generation = YES;
				INFOPLIST_KEY_UIApplicationSupportsIndirectInputEvents = YES;
				INFOPLIST_KEY_UILaunchScreen_Generation = YES;
				INFOPLIST_KEY_UISupportedInterfaceOrientations_iPad = "UIInterfaceOrientationPortrait UIInterfaceOrientationPortraitUpsideDown UIInterfaceOrientationLandscapeLeft UIInterfaceOrientationLandscapeRight";
				INFOPLIST_KEY_UISupportedInterfaceOrientations_iPhone = "UIInterfaceOrientationPortrait UIInterfaceOrientationLandscapeLeft UIInterfaceOrientationLandscapeRight";
				LD_RUNPATH_SEARCH_PATHS = (
					"$(inherited)",
					"@executable_path/Frameworks",
				);
				MARKETING_VERSION = 1.0;
				PRODUCT_BUNDLE_IDENTIFIER = DavidWilliams.Stocks;
				PRODUCT_NAME = "$(TARGET_NAME)";
				SWIFT_EMIT_LOC_STRINGS = YES;
				SWIFT_VERSION = 5.0;
				TARGETED_DEVICE_FAMILY = "1,2";
			};
			name = Debug;
		};
		389F8E0E27F654110031F012 /* Release */ = {
			isa = XCBuildConfiguration;
			buildSettings = {
				ASSETCATALOG_COMPILER_APPICON_NAME = AppIcon;
				ASSETCATALOG_COMPILER_GLOBAL_ACCENT_COLOR_NAME = AccentColor;
				CODE_SIGN_STYLE = Automatic;
				CURRENT_PROJECT_VERSION = 1;
				DEVELOPMENT_ASSET_PATHS = "\"Stocks/Preview Content\"";
				DEVELOPMENT_TEAM = CS7P9L74D4;
				ENABLE_PREVIEWS = YES;
				GENERATE_INFOPLIST_FILE = YES;
				INFOPLIST_KEY_UIApplicationSceneManifest_Generation = YES;
				INFOPLIST_KEY_UIApplicationSupportsIndirectInputEvents = YES;
				INFOPLIST_KEY_UILaunchScreen_Generation = YES;
				INFOPLIST_KEY_UISupportedInterfaceOrientations_iPad = "UIInterfaceOrientationPortrait UIInterfaceOrientationPortraitUpsideDown UIInterfaceOrientationLandscapeLeft UIInterfaceOrientationLandscapeRight";
				INFOPLIST_KEY_UISupportedInterfaceOrientations_iPhone = "UIInterfaceOrientationPortrait UIInterfaceOrientationLandscapeLeft UIInterfaceOrientationLandscapeRight";
				LD_RUNPATH_SEARCH_PATHS = (
					"$(inherited)",
					"@executable_path/Frameworks",
				);
				MARKETING_VERSION = 1.0;
				PRODUCT_BUNDLE_IDENTIFIER = DavidWilliams.Stocks;
				PRODUCT_NAME = "$(TARGET_NAME)";
				SWIFT_EMIT_LOC_STRINGS = YES;
				SWIFT_VERSION = 5.0;
				TARGETED_DEVICE_FAMILY = "1,2";
			};
			name = Release;
		};
		389F8E1027F654110031F012 /* Debug */ = {
			isa = XCBuildConfiguration;
			buildSettings = {
				ALWAYS_EMBED_SWIFT_STANDARD_LIBRARIES = YES;
				BUNDLE_LOADER = "$(TEST_HOST)";
				CODE_SIGN_STYLE = Automatic;
				CURRENT_PROJECT_VERSION = 1;
				DEVELOPMENT_TEAM = CS7P9L74D4;
				GENERATE_INFOPLIST_FILE = YES;
				IPHONEOS_DEPLOYMENT_TARGET = 15.4;
				MARKETING_VERSION = 1.0;
				PRODUCT_BUNDLE_IDENTIFIER = DavidWilliams.StocksTests;
				PRODUCT_NAME = "$(TARGET_NAME)";
				SWIFT_EMIT_LOC_STRINGS = NO;
				SWIFT_VERSION = 5.0;
				TARGETED_DEVICE_FAMILY = "1,2";
				TEST_HOST = "$(BUILT_PRODUCTS_DIR)/Stocks.app/Stocks";
			};
			name = Debug;
		};
		389F8E1127F654110031F012 /* Release */ = {
			isa = XCBuildConfiguration;
			buildSettings = {
				ALWAYS_EMBED_SWIFT_STANDARD_LIBRARIES = YES;
				BUNDLE_LOADER = "$(TEST_HOST)";
				CODE_SIGN_STYLE = Automatic;
				CURRENT_PROJECT_VERSION = 1;
				DEVELOPMENT_TEAM = CS7P9L74D4;
				GENERATE_INFOPLIST_FILE = YES;
				IPHONEOS_DEPLOYMENT_TARGET = 15.4;
				MARKETING_VERSION = 1.0;
				PRODUCT_BUNDLE_IDENTIFIER = DavidWilliams.StocksTests;
				PRODUCT_NAME = "$(TARGET_NAME)";
				SWIFT_EMIT_LOC_STRINGS = NO;
				SWIFT_VERSION = 5.0;
				TARGETED_DEVICE_FAMILY = "1,2";
				TEST_HOST = "$(BUILT_PRODUCTS_DIR)/Stocks.app/Stocks";
			};
			name = Release;
		};
		389F8E1327F654110031F012 /* Debug */ = {
			isa = XCBuildConfiguration;
			buildSettings = {
				ALWAYS_EMBED_SWIFT_STANDARD_LIBRARIES = YES;
				CODE_SIGN_STYLE = Automatic;
				CURRENT_PROJECT_VERSION = 1;
				DEVELOPMENT_TEAM = CS7P9L74D4;
				GENERATE_INFOPLIST_FILE = YES;
				MARKETING_VERSION = 1.0;
				PRODUCT_BUNDLE_IDENTIFIER = DavidWilliams.StocksUITests;
				PRODUCT_NAME = "$(TARGET_NAME)";
				SWIFT_EMIT_LOC_STRINGS = NO;
				SWIFT_VERSION = 5.0;
				TARGETED_DEVICE_FAMILY = "1,2";
				TEST_TARGET_NAME = Stocks;
			};
			name = Debug;
		};
		389F8E1427F654110031F012 /* Release */ = {
			isa = XCBuildConfiguration;
			buildSettings = {
				ALWAYS_EMBED_SWIFT_STANDARD_LIBRARIES = YES;
				CODE_SIGN_STYLE = Automatic;
				CURRENT_PROJECT_VERSION = 1;
				DEVELOPMENT_TEAM = CS7P9L74D4;
				GENERATE_INFOPLIST_FILE = YES;
				MARKETING_VERSION = 1.0;
				PRODUCT_BUNDLE_IDENTIFIER = DavidWilliams.StocksUITests;
				PRODUCT_NAME = "$(TARGET_NAME)";
				SWIFT_EMIT_LOC_STRINGS = NO;
				SWIFT_VERSION = 5.0;
				TARGETED_DEVICE_FAMILY = "1,2";
				TEST_TARGET_NAME = Stocks;
			};
			name = Release;
		};
/* End XCBuildConfiguration section */

/* Begin XCConfigurationList section */
		389F8DE327F6540F0031F012 /* Build configuration list for PBXProject "Stocks" */ = {
			isa = XCConfigurationList;
			buildConfigurations = (
				389F8E0A27F654110031F012 /* Debug */,
				389F8E0B27F654110031F012 /* Release */,
			);
			defaultConfigurationIsVisible = 0;
			defaultConfigurationName = Release;
		};
		389F8E0C27F654110031F012 /* Build configuration list for PBXNativeTarget "Stocks" */ = {
			isa = XCConfigurationList;
			buildConfigurations = (
				389F8E0D27F654110031F012 /* Debug */,
				389F8E0E27F654110031F012 /* Release */,
			);
			defaultConfigurationIsVisible = 0;
			defaultConfigurationName = Release;
		};
		389F8E0F27F654110031F012 /* Build configuration list for PBXNativeTarget "StocksTests" */ = {
			isa = XCConfigurationList;
			buildConfigurations = (
				389F8E1027F654110031F012 /* Debug */,
				389F8E1127F654110031F012 /* Release */,
			);
			defaultConfigurationIsVisible = 0;
			defaultConfigurationName = Release;
		};
		389F8E1227F654110031F012 /* Build configuration list for PBXNativeTarget "StocksUITests" */ = {
			isa = XCConfigurationList;
			buildConfigurations = (
				389F8E1327F654110031F012 /* Debug */,
				389F8E1427F654110031F012 /* Release */,
			);
			defaultConfigurationIsVisible = 0;
			defaultConfigurationName = Release;
		};
/* End XCConfigurationList section */

/* Begin XCRemoteSwiftPackageReference section */
		389CD0462808A24E00DF66EB /* XCRemoteSwiftPackageReference "swiftUI-slide-over-card" */ = {
			isa = XCRemoteSwiftPackageReference;
			repositoryURL = "https://github.com/moifort/swiftUI-slide-over-card.git";
			requirement = {
				kind = upToNextMajorVersion;
				minimumVersion = 1.0.0;
			};
		};
/* End XCRemoteSwiftPackageReference section */

/* Begin XCSwiftPackageProductDependency section */
		389CD0472808A24E00DF66EB /* SlideOverCard */ = {
			isa = XCSwiftPackageProductDependency;
			package = 389CD0462808A24E00DF66EB /* XCRemoteSwiftPackageReference "swiftUI-slide-over-card" */;
			productName = SlideOverCard;
		};
/* End XCSwiftPackageProductDependency section */
	};
	rootObject = 389F8DE027F6540F0031F012 /* Project object */;
}
